github.com/elastic/go-libaudit v0.4.0 h1:pxLCycMJKW91W8ZmZT74DQmryTZuXryKESo6sXdu1XY=
github.com/elastic/go-libaudit v0.4.0/go.mod h1:lNJ7gX+arohEQTwqinAc8xycVuFNqsaunba1mwcBdvE=
github.com/pkg/errors v0.9.1 h1:FEBLx1zS214owpjy7qsBeixbURkuhQAwrK5UwLGTwt4=
github.com/pkg/errors v0.9.1/go.mod h1:bwawxfHBFNV+L2hUp1rHADufV3IMtnDRdf1r5NINEl0=
